
Microsoft Visual Studio Solution File, Format Version 12.00
# Visual Studio Version 17
VisualStudioVersion = 17.2.32505.173
MinimumVisualStudioVersion = 10.0.40219.1
Project("{FAE04EC0-301F-11D3-BF4B-00C04F79EFBC}") = "Date-time", "Date-time\Date-time.csproj", "{98DE71E3-4BE9-417A-BAAB-21EE2AE460DA}"
EndProject
Global
	GlobalSection(SolutionConfigurationPlatforms) = preSolution
		Debug|Any CPU = Debug|Any CPU
		Release|Any CPU = Release|Any CPU
	EndGlobalSection
	GlobalSection(ProjectConfigurationPlatforms) = postSolution
		{98DE71E3-4BE9-417A-BAAB-21EE2AE460DA}.Debug|Any CPU.ActiveCfg = Debug|Any CPU
		{98DE71E3-4BE9-417A-BAAB-21EE2AE460DA}.Debug|Any CPU.Build.0 = Debug|Any CPU
		{98DE71E3-4BE9-417A-BAAB-21EE2AE460DA}.Release|Any CPU.ActiveCfg = Release|Any CPU
		{98DE71E3-4BE9-417A-BAAB-21EE2AE460DA}.Release|Any CPU.Build.0 = Release|Any CPU
	EndGlobalSection
	GlobalSection(SolutionProperties) = preSolution
		HideSolutionNode = FALSE
	EndGlobalSection
	GlobalSection(ExtensibilityGlobals) = postSolution
		SolutionGuid = {86EAE667-BC27-4F96-B3C9-779631A0572C}
	EndGlobalSection
EndGlobal
