
Microsoft Visual Studio Solution File, Format Version 12.00
# Visual Studio Version 17
VisualStudioVersion = 17.2.32505.173
MinimumVisualStudioVersion = 10.0.40219.1
Project("{FAE04EC0-301F-11D3-BF4B-00C04F79EFBC}") = "TwentyOne(game)", "TwentyOne(game)\TwentyOne(game).csproj", "{937C99AF-5473-4001-8AA3-C6F81F90AE48}"
EndProject
Project("{FAE04EC0-301F-11D3-BF4B-00C04F79EFBC}") = "Casino", "Casino\Casino.csproj", "{DC242F22-F276-41D2-996C-752027542849}"
EndProject
Global
	GlobalSection(SolutionConfigurationPlatforms) = preSolution
		Debug|Any CPU = Debug|Any CPU
		Release|Any CPU = Release|Any CPU
	EndGlobalSection
	GlobalSection(ProjectConfigurationPlatforms) = postSolution
		{937C99AF-5473-4001-8AA3-C6F81F90AE48}.Debug|Any CPU.ActiveCfg = Debug|Any CPU
		{937C99AF-5473-4001-8AA3-C6F81F90AE48}.Debug|Any CPU.Build.0 = Debug|Any CPU
		{937C99AF-5473-4001-8AA3-C6F81F90AE48}.Release|Any CPU.ActiveCfg = Release|Any CPU
		{937C99AF-5473-4001-8AA3-C6F81F90AE48}.Release|Any CPU.Build.0 = Release|Any CPU
		{DC242F22-F276-41D2-996C-752027542849}.Debug|Any CPU.ActiveCfg = Debug|Any CPU
		{DC242F22-F276-41D2-996C-752027542849}.Debug|Any CPU.Build.0 = Debug|Any CPU
		{DC242F22-F276-41D2-996C-752027542849}.Release|Any CPU.ActiveCfg = Release|Any CPU
		{DC242F22-F276-41D2-996C-752027542849}.Release|Any CPU.Build.0 = Release|Any CPU
	EndGlobalSection
	GlobalSection(SolutionProperties) = preSolution
		HideSolutionNode = FALSE
	EndGlobalSection
	GlobalSection(ExtensibilityGlobals) = postSolution
		SolutionGuid = {823ED623-F508-40BF-96F4-5A5A1D132955}
	EndGlobalSection
EndGlobal
